
Microsoft Visual Studio Solution File, Format Version 12.00
# Visual Studio 15
VisualStudioVersion = 15.0.28307.106
MinimumVisualStudioVersion = 10.0.40219.1
Project("{FAE04EC0-301F-11D3-BF4B-00C04F79EFBC}") = "HelloWorldApp", "HelloWorldApp\HelloWorldApp.csproj", "{E07B39D3-C7B4-4F6B-BFBC-4AF83F4D7FD5}"
EndProject
Global
	GlobalSection(SolutionConfigurationPlatforms) = preSolution
		Debug|Any CPU = Debug|Any CPU
		Release|Any CPU = Release|Any CPU
	EndGlobalSection
	GlobalSection(ProjectConfigurationPlatforms) = postSolution
		{E07B39D3-C7B4-4F6B-BFBC-4AF83F4D7FD5}.Debug|Any CPU.ActiveCfg = Debug|Any CPU
		{E07B39D3-C7B4-4F6B-BFBC-4AF83F4D7FD5}.Debug|Any CPU.Build.0 = Debug|Any CPU
		{E07B39D3-C7B4-4F6B-BFBC-4AF83F4D7FD5}.Release|Any CPU.ActiveCfg = Release|Any CPU
		{E07B39D3-C7B4-4F6B-BFBC-4AF83F4D7FD5}.Release|Any CPU.Build.0 = Release|Any CPU
	EndGlobalSection
	GlobalSection(SolutionProperties) = preSolution
		HideSolutionNode = FALSE
	EndGlobalSection
	GlobalSection(ExtensibilityGlobals) = postSolution
		SolutionGuid = {CE34E5ED-D641-4E8A-880C-5947EC57A1DA}
	EndGlobalSection
EndGlobal
